// !$*UTF8*$!
{
	archiveVersion = 1;
	classes = {
	};
	objectVersion = 56;
	objects = {

/* Begin PBXBuildFile section */
		A10000000000000000000001 /* ReconnectApp.swift in Sources */ = {isa = PBXBuildFile; fileRef = A10000000000000000000011 /* ReconnectApp.swift */; };
		A10000000000000000000002 /* ContentView.swift in Sources */ = {isa = PBXBuildFile; fileRef = A10000000000000000000012 /* ContentView.swift */; };
		A10000000000000000000003 /* Assets.xcassets in Resources */ = {isa = PBXBuildFile; fileRef = A10000000000000000000013 /* Assets.xcassets */; };
		A10000000000000000000004 /* Friend.swift in Sources */ = {isa = PBXBuildFile; fileRef = A10000000000000000000014 /* Friend.swift */; };
		A10000000000000000000005 /* ContactLog.swift in Sources */ = {isa = PBXBuildFile; fileRef = A10000000000000000000015 /* ContactLog.swift */; };
		A10000000000000000000006 /* FriendListView.swift in Sources */ = {isa = PBXBuildFile; fileRef = A10000000000000000000016 /* FriendListView.swift */; };
		A10000000000000000000007 /* FriendDetailView.swift in Sources */ = {isa = PBXBuildFile; fileRef = A10000000000000000000017 /* FriendDetailView.swift */; };
		A10000000000000000000008 /* AddFriendView.swift in Sources */ = {isa = PBXBuildFile; fileRef = A10000000000000000000018 /* AddFriendView.swift */; };
		A10000000000000000000009 /* FriendCard.swift in Sources */ = {isa = PBXBuildFile; fileRef = A10000000000000000000019 /* FriendCard.swift */; };
		A1000000000000000000000A /* StatusBadge.swift in Sources */ = {isa = PBXBuildFile; fileRef = A1000000000000000000001A /* StatusBadge.swift */; };
		A1000000000000000000000B /* DesignSystem.swift in Sources */ = {isa = PBXBuildFile; fileRef = A1000000000000000000001B /* DesignSystem.swift */; };
		A1000000000000000000000C /* CalendarService.swift in Sources */ = {isa = PBXBuildFile; fileRef = A1000000000000000000001C /* CalendarService.swift */; };
		A1000000000000000000000D /* HapticService.swift in Sources */ = {isa = PBXBuildFile; fileRef = A1000000000000000000001D /* HapticService.swift */; };
		A1000000000000000000000E /* Date+Extensions.swift in Sources */ = {isa = PBXBuildFile; fileRef = A1000000000000000000001E /* Date+Extensions.swift */; };
		A1000000000000000000000F /* View+Extensions.swift in Sources */ = {isa = PBXBuildFile; fileRef = A1000000000000000000001F /* View+Extensions.swift */; };
		A10000000000000000000010 /* SettingsView.swift in Sources */ = {isa = PBXBuildFile; fileRef = A10000000000000000000020 /* SettingsView.swift */; };
		A10000000000000000000021 /* OnboardingView.swift in Sources */ = {isa = PBXBuildFile; fileRef = A10000000000000000000022 /* OnboardingView.swift */; };
		A10000000000000000000023 /* PrimaryButton.swift in Sources */ = {isa = PBXBuildFile; fileRef = A10000000000000000000024 /* PrimaryButton.swift */; };
/* End PBXBuildFile section */

/* Begin PBXFileReference section */
		A10000000000000000000000 /* Reconnect.app */ = {isa = PBXFileReference; explicitFileType = wrapper.application; includeInIndex = 0; path = Reconnect.app; sourceTree = BUILT_PRODUCTS_DIR; };
		A10000000000000000000011 /* ReconnectApp.swift */ = {isa = PBXFileReference; lastKnownFileType = sourcecode.swift; path = ReconnectApp.swift; sourceTree = "<group>"; };
		A10000000000000000000012 /* ContentView.swift */ = {isa = PBXFileReference; lastKnownFileType = sourcecode.swift; path = ContentView.swift; sourceTree = "<group>"; };
		A10000000000000000000013 /* Assets.xcassets */ = {isa = PBXFileReference; lastKnownFileType = folder.assetcatalog; path = Assets.xcassets; sourceTree = "<group>"; };
		A10000000000000000000014 /* Friend.swift */ = {isa = PBXFileReference; lastKnownFileType = sourcecode.swift; path = Friend.swift; sourceTree = "<group>"; };
		A10000000000000000000015 /* ContactLog.swift */ = {isa = PBXFileReference; lastKnownFileType = sourcecode.swift; path = ContactLog.swift; sourceTree = "<group>"; };
		A10000000000000000000016 /* FriendListView.swift */ = {isa = PBXFileReference; lastKnownFileType = sourcecode.swift; path = FriendListView.swift; sourceTree = "<group>"; };
		A10000000000000000000017 /* FriendDetailView.swift */ = {isa = PBXFileReference; lastKnownFileType = sourcecode.swift; path = FriendDetailView.swift; sourceTree = "<group>"; };
		A10000000000000000000018 /* AddFriendView.swift */ = {isa = PBXFileReference; lastKnownFileType = sourcecode.swift; path = AddFriendView.swift; sourceTree = "<group>"; };
		A10000000000000000000019 /* FriendCard.swift */ = {isa = PBXFileReference; lastKnownFileType = sourcecode.swift; path = FriendCard.swift; sourceTree = "<group>"; };
		A1000000000000000000001A /* StatusBadge.swift */ = {isa = PBXFileReference; lastKnownFileType = sourcecode.swift; path = StatusBadge.swift; sourceTree = "<group>"; };
		A1000000000000000000001B /* DesignSystem.swift */ = {isa = PBXFileReference; lastKnownFileType = sourcecode.swift; path = DesignSystem.swift; sourceTree = "<group>"; };
		A1000000000000000000001C /* CalendarService.swift */ = {isa = PBXFileReference; lastKnownFileType = sourcecode.swift; path = CalendarService.swift; sourceTree = "<group>"; };
		A1000000000000000000001D /* HapticService.swift */ = {isa = PBXFileReference; lastKnownFileType = sourcecode.swift; path = HapticService.swift; sourceTree = "<group>"; };
		A1000000000000000000001E /* Date+Extensions.swift */ = {isa = PBXFileReference; lastKnownFileType = sourcecode.swift; path = "Date+Extensions.swift"; sourceTree = "<group>"; };
		A1000000000000000000001F /* View+Extensions.swift */ = {isa = PBXFileReference; lastKnownFileType = sourcecode.swift; path = "View+Extensions.swift"; sourceTree = "<group>"; };
		A10000000000000000000020 /* SettingsView.swift */ = {isa = PBXFileReference; lastKnownFileType = sourcecode.swift; path = SettingsView.swift; sourceTree = "<group>"; };
		A10000000000000000000022 /* OnboardingView.swift */ = {isa = PBXFileReference; lastKnownFileType = sourcecode.swift; path = OnboardingView.swift; sourceTree = "<group>"; };
		A10000000000000000000024 /* PrimaryButton.swift */ = {isa = PBXFileReference; lastKnownFileType = sourcecode.swift; path = PrimaryButton.swift; sourceTree = "<group>"; };
		A10000000000000000000025 /* Info.plist */ = {isa = PBXFileReference; lastKnownFileType = text.plist.xml; path = Info.plist; sourceTree = "<group>"; };
		A10000000000000000000026 /* Reconnect.entitlements */ = {isa = PBXFileReference; lastKnownFileType = text.plist.entitlements; path = Reconnect.entitlements; sourceTree = "<group>"; };
/* End PBXFileReference section */

/* Begin PBXFrameworksBuildPhase section */
		A10000000000000000000100 /* Frameworks */ = {
			isa = PBXFrameworksBuildPhase;
			buildActionMask = 2147483647;
			files = (
			);
			runOnlyForDeploymentPostprocessing = 0;
		};
/* End PBXFrameworksBuildPhase section */

/* Begin PBXGroup section */
		A10000000000000000000200 = {
			isa = PBXGroup;
			children = (
				A10000000000000000000201 /* Reconnect */,
				A10000000000000000000202 /* Products */,
			);
			sourceTree = "<group>";
		};
		A10000000000000000000201 /* Reconnect */ = {
			isa = PBXGroup;
			children = (
				A10000000000000000000011 /* ReconnectApp.swift */,
				A10000000000000000000012 /* ContentView.swift */,
				A10000000000000000000203 /* Models */,
				A10000000000000000000204 /* Views */,
				A10000000000000000000208 /* Components */,
				A1000000000000000000020B /* Services */,
				A1000000000000000000020C /* Extensions */,
				A1000000000000000000020D /* Resources */,
				A10000000000000000000025 /* Info.plist */,
				A10000000000000000000026 /* Reconnect.entitlements */,
			);
			path = Reconnect;
			sourceTree = "<group>";
		};
		A10000000000000000000202 /* Products */ = {
			isa = PBXGroup;
			children = (
				A10000000000000000000000 /* Reconnect.app */,
			);
			name = Products;
			sourceTree = "<group>";
		};
		A10000000000000000000203 /* Models */ = {
			isa = PBXGroup;
			children = (
				A10000000000000000000014 /* Friend.swift */,
				A10000000000000000000015 /* ContactLog.swift */,
			);
			path = Models;
			sourceTree = "<group>";
		};
		A10000000000000000000204 /* Views */ = {
			isa = PBXGroup;
			children = (
				A10000000000000000000205 /* Friends */,
				A10000000000000000000206 /* Settings */,
				A10000000000000000000207 /* Onboarding */,
			);
			path = Views;
			sourceTree = "<group>";
		};
		A10000000000000000000205 /* Friends */ = {
			isa = PBXGroup;
			children = (
				A10000000000000000000016 /* FriendListView.swift */,
				A10000000000000000000017 /* FriendDetailView.swift */,
				A10000000000000000000018 /* AddFriendView.swift */,
			);
			path = Friends;
			sourceTree = "<group>";
		};
		A10000000000000000000206 /* Settings */ = {
			isa = PBXGroup;
			children = (
				A10000000000000000000020 /* SettingsView.swift */,
			);
			path = Settings;
			sourceTree = "<group>";
		};
		A10000000000000000000207 /* Onboarding */ = {
			isa = PBXGroup;
			children = (
				A10000000000000000000022 /* OnboardingView.swift */,
			);
			path = Onboarding;
			sourceTree = "<group>";
		};
		A10000000000000000000208 /* Components */ = {
			isa = PBXGroup;
			children = (
				A10000000000000000000209 /* Cards */,
				A1000000000000000000020A /* Status */,
				A1000000000000000000020E /* Buttons */,
				A1000000000000000000001B /* DesignSystem.swift */,
			);
			path = Components;
			sourceTree = "<group>";
		};
		A10000000000000000000209 /* Cards */ = {
			isa = PBXGroup;
			children = (
				A10000000000000000000019 /* FriendCard.swift */,
			);
			path = Cards;
			sourceTree = "<group>";
		};
		A1000000000000000000020A /* Status */ = {
			isa = PBXGroup;
			children = (
				A1000000000000000000001A /* StatusBadge.swift */,
			);
			path = Status;
			sourceTree = "<group>";
		};
		A1000000000000000000020E /* Buttons */ = {
			isa = PBXGroup;
			children = (
				A10000000000000000000024 /* PrimaryButton.swift */,
			);
			path = Buttons;
			sourceTree = "<group>";
		};
		A1000000000000000000020B /* Services */ = {
			isa = PBXGroup;
			children = (
				A1000000000000000000001C /* CalendarService.swift */,
				A1000000000000000000001D /* HapticService.swift */,
			);
			path = Services;
			sourceTree = "<group>";
		};
		A1000000000000000000020C /* Extensions */ = {
			isa = PBXGroup;
			children = (
				A1000000000000000000001E /* Date+Extensions.swift */,
				A1000000000000000000001F /* View+Extensions.swift */,
			);
			path = Extensions;
			sourceTree = "<group>";
		};
		A1000000000000000000020D /* Resources */ = {
			isa = PBXGroup;
			children = (
				A10000000000000000000013 /* Assets.xcassets */,
			);
			path = Resources;
			sourceTree = "<group>";
		};
/* End PBXGroup section */

/* Begin PBXNativeTarget section */
		A10000000000000000000300 /* Reconnect */ = {
			isa = PBXNativeTarget;
			buildConfigurationList = A10000000000000000000500 /* Build configuration list for PBXNativeTarget "Reconnect" */;
			buildPhases = (
				A10000000000000000000301 /* Sources */,
				A10000000000000000000100 /* Frameworks */,
				A10000000000000000000302 /* Resources */,
			);
			buildRules = (
			);
			dependencies = (
			);
			name = Reconnect;
			productName = Reconnect;
			productReference = A10000000000000000000000 /* Reconnect.app */;
			productType = "com.apple.product-type.application";
		};
/* End PBXNativeTarget section */

/* Begin PBXProject section */
		A10000000000000000000400 /* Project object */ = {
			isa = PBXProject;
			attributes = {
				BuildIndependentTargetsInParallel = 1;
				LastSwiftUpdateCheck = 1500;
				LastUpgradeCheck = 1500;
				TargetAttributes = {
					A10000000000000000000300 = {
						CreatedOnToolsVersion = 15.0;
					};
				};
			};
			buildConfigurationList = A10000000000000000000401 /* Build configuration list for PBXProject "Reconnect" */;
			compatibilityVersion = "Xcode 14.0";
			developmentRegion = en;
			hasScannedForEncodings = 0;
			knownRegions = (
				en,
				Base,
			);
			mainGroup = A10000000000000000000200;
			productRefGroup = A10000000000000000000202 /* Products */;
			projectDirPath = "";
			projectRoot = "";
			targets = (
				A10000000000000000000300 /* Reconnect */,
			);
		};
/* End PBXProject section */

/* Begin PBXResourcesBuildPhase section */
		A10000000000000000000302 /* Resources */ = {
			isa = PBXResourcesBuildPhase;
			buildActionMask = 2147483647;
			files = (
				A10000000000000000000003 /* Assets.xcassets in Resources */,
			);
			runOnlyForDeploymentPostprocessing = 0;
		};
/* End PBXResourcesBuildPhase section */

/* Begin PBXSourcesBuildPhase section */
		A10000000000000000000301 /* Sources */ = {
			isa = PBXSourcesBuildPhase;
			buildActionMask = 2147483647;
			files = (
				A10000000000000000000001 /* ReconnectApp.swift in Sources */,
				A10000000000000000000002 /* ContentView.swift in Sources */,
				A10000000000000000000004 /* Friend.swift in Sources */,
				A10000000000000000000005 /* ContactLog.swift in Sources */,
				A10000000000000000000006 /* FriendListView.swift in Sources */,
				A10000000000000000000007 /* FriendDetailView.swift in Sources */,
				A10000000000000000000008 /* AddFriendView.swift in Sources */,
				A10000000000000000000009 /* FriendCard.swift in Sources */,
				A1000000000000000000000A /* StatusBadge.swift in Sources */,
				A1000000000000000000000B /* DesignSystem.swift in Sources */,
				A1000000000000000000000C /* CalendarService.swift in Sources */,
				A1000000000000000000000D /* HapticService.swift in Sources */,
				A1000000000000000000000E /* Date+Extensions.swift in Sources */,
				A1000000000000000000000F /* View+Extensions.swift in Sources */,
				A10000000000000000000010 /* SettingsView.swift in Sources */,
				A10000000000000000000021 /* OnboardingView.swift in Sources */,
				A10000000000000000000023 /* PrimaryButton.swift in Sources */,
			);
			runOnlyForDeploymentPostprocessing = 0;
		};
/* End PBXSourcesBuildPhase section */

/* Begin XCBuildConfiguration section */
		A10000000000000000000501 /* Debug */ = {
			isa = XCBuildConfiguration;
			buildSettings = {
				ALWAYS_SEARCH_USER_PATHS = NO;
				ASSETCATALOG_COMPILER_GENERATE_SWIFT_ASSET_SYMBOL_EXTENSIONS = YES;
				CLANG_ANALYZER_NONNULL = YES;
				CLANG_ANALYZER_NUMBER_OBJECT_CONVERSION = YES_AGGRESSIVE;
				CLANG_CXX_LANGUAGE_STANDARD = "gnu++20";
				CLANG_ENABLE_MODULES = YES;
				CLANG_ENABLE_OBJC_ARC = YES;
				CLANG_ENABLE_OBJC_WEAK = YES;
				CLANG_WARN_BLOCK_CAPTURE_AUTORELEASING = YES;
				CLANG_WARN_BOOL_CONVERSION = YES;
				CLANG_WARN_COMMA = YES;
				CLANG_WARN_CONSTANT_CONVERSION = YES;
				CLANG_WARN_DEPRECATED_OBJC_IMPLEMENTATIONS = YES;
				CLANG_WARN_DIRECT_OBJC_ISA_USAGE = YES_ERROR;
				CLANG_WARN_DOCUMENTATION_COMMENTS = YES;
				CLANG_WARN_EMPTY_BODY = YES;
				CLANG_WARN_ENUM_CONVERSION = YES;
				CLANG_WARN_INFINITE_RECURSION = YES;
				CLANG_WARN_INT_CONVERSION = YES;
				CLANG_WARN_NON_LITERAL_NULL_CONVERSION = YES;
				CLANG_WARN_OBJC_IMPLICIT_RETAIN_SELF = YES;
				CLANG_WARN_OBJC_LITERAL_CONVERSION = YES;
				CLANG_WARN_OBJC_ROOT_CLASS = YES_ERROR;
				CLANG_WARN_QUOTED_INCLUDE_IN_FRAMEWORK_HEADER = YES;
				CLANG_WARN_RANGE_LOOP_ANALYSIS = YES;
				CLANG_WARN_STRICT_PROTOTYPES = YES;
				CLANG_WARN_SUSPICIOUS_MOVE = YES;
				CLANG_WARN_UNGUARDED_AVAILABILITY = YES_AGGRESSIVE;
				CLANG_WARN_UNREACHABLE_CODE = YES;
				CLANG_WARN__DUPLICATE_METHOD_MATCH = YES;
				COPY_PHASE_STRIP = NO;
				DEBUG_INFORMATION_FORMAT = dwarf;
				ENABLE_STRICT_OBJC_MSGSEND = YES;
				ENABLE_TESTABILITY = YES;
				ENABLE_USER_SCRIPT_SANDBOXING = YES;
				GCC_C_LANGUAGE_STANDARD = gnu17;
				GCC_DYNAMIC_NO_PIC = NO;
				GCC_NO_COMMON_BLOCKS = YES;
				GCC_OPTIMIZATION_LEVEL = 0;
				GCC_PREPROCESSOR_DEFINITIONS = (
					"DEBUG=1",
					"$(inherited)",
				);
				GCC_WARN_64_TO_32_BIT_CONVERSION = YES;
				GCC_WARN_ABOUT_RETURN_TYPE = YES_ERROR;
				GCC_WARN_UNDECLARED_SELECTOR = YES;
				GCC_WARN_UNINITIALIZED_AUTOS = YES_AGGRESSIVE;
				GCC_WARN_UNUSED_FUNCTION = YES;
				GCC_WARN_UNUSED_VARIABLE = YES;
				IPHONEOS_DEPLOYMENT_TARGET = 17.0;
				LOCALIZATION_PREFERS_STRING_CATALOGS = YES;
				MTL_ENABLE_DEBUG_INFO = INCLUDE_SOURCE;
				MTL_FAST_MATH = YES;
				ONLY_ACTIVE_ARCH = YES;
				SDKROOT = iphoneos;
				SWIFT_ACTIVE_COMPILATION_CONDITIONS = "DEBUG $(inherited)";
				SWIFT_OPTIMIZATION_LEVEL = "-Onone";
			};
			name = Debug;
		};
		A10000000000000000000502 /* Release */ = {
			isa = XCBuildConfiguration;
			buildSettings = {
				ALWAYS_SEARCH_USER_PATHS = NO;
				ASSETCATALOG_COMPILER_GENERATE_SWIFT_ASSET_SYMBOL_EXTENSIONS = YES;
				CLANG_ANALYZER_NONNULL = YES;
				CLANG_ANALYZER_NUMBER_OBJECT_CONVERSION = YES_AGGRESSIVE;
				CLANG_CXX_LANGUAGE_STANDARD = "gnu++20";
				CLANG_ENABLE_MODULES = YES;
				CLANG_ENABLE_OBJC_ARC = YES;
				CLANG_ENABLE_OBJC_WEAK = YES;
				CLANG_WARN_BLOCK_CAPTURE_AUTORELEASING = YES;
				CLANG_WARN_BOOL_CONVERSION = YES;
				CLANG_WARN_COMMA = YES;
				CLANG_WARN_CONSTANT_CONVERSION = YES;
				CLANG_WARN_DEPRECATED_OBJC_IMPLEMENTATIONS = YES;
				CLANG_WARN_DIRECT_OBJC_ISA_USAGE = YES_ERROR;
				CLANG_WARN_DOCUMENTATION_COMMENTS = YES;
				CLANG_WARN_EMPTY_BODY = YES;
				CLANG_WARN_ENUM_CONVERSION = YES;
				CLANG_WARN_INFINITE_RECURSION = YES;
				CLANG_WARN_INT_CONVERSION = YES;
				CLANG_WARN_NON_LITERAL_NULL_CONVERSION = YES;
				CLANG_WARN_OBJC_IMPLICIT_RETAIN_SELF = YES;
				CLANG_WARN_OBJC_LITERAL_CONVERSION = YES;
				CLANG_WARN_OBJC_ROOT_CLASS = YES_ERROR;
				CLANG_WARN_QUOTED_INCLUDE_IN_FRAMEWORK_HEADER = YES;
				CLANG_WARN_RANGE_LOOP_ANALYSIS = YES;
				CLANG_WARN_STRICT_PROTOTYPES = YES;
				CLANG_WARN_SUSPICIOUS_MOVE = YES;
				CLANG_WARN_UNGUARDED_AVAILABILITY = YES_AGGRESSIVE;
				CLANG_WARN_UNREACHABLE_CODE = YES;
				CLANG_WARN__DUPLICATE_METHOD_MATCH = YES;
				COPY_PHASE_STRIP = NO;
				DEBUG_INFORMATION_FORMAT = "dwarf-with-dsym";
				ENABLE_NS_ASSERTIONS = NO;
				ENABLE_STRICT_OBJC_MSGSEND = YES;
				ENABLE_USER_SCRIPT_SANDBOXING = YES;
				GCC_C_LANGUAGE_STANDARD = gnu17;
				GCC_NO_COMMON_BLOCKS = YES;
				GCC_WARN_64_TO_32_BIT_CONVERSION = YES;
				GCC_WARN_ABOUT_RETURN_TYPE = YES_ERROR;
				GCC_WARN_UNDECLARED_SELECTOR = YES;
				GCC_WARN_UNINITIALIZED_AUTOS = YES_AGGRESSIVE;
				GCC_WARN_UNUSED_FUNCTION = YES;
				GCC_WARN_UNUSED_VARIABLE = YES;
				IPHONEOS_DEPLOYMENT_TARGET = 17.0;
				LOCALIZATION_PREFERS_STRING_CATALOGS = YES;
				MTL_ENABLE_DEBUG_INFO = NO;
				MTL_FAST_MATH = YES;
				SDKROOT = iphoneos;
				SWIFT_COMPILATION_MODE = wholemodule;
				VALIDATE_PRODUCT = YES;
			};
			name = Release;
		};
		A10000000000000000000503 /* Debug */ = {
			isa = XCBuildConfiguration;
			buildSettings = {
				ASSETCATALOG_COMPILER_APPICON_NAME = AppIcon;
				ASSETCATALOG_COMPILER_GLOBAL_ACCENT_COLOR_NAME = AccentColor;
				CODE_SIGN_ENTITLEMENTS = Reconnect/Reconnect.entitlements;
				CODE_SIGN_STYLE = Automatic;
				CURRENT_PROJECT_VERSION = 1;
				DEVELOPMENT_TEAM = "";
				ENABLE_PREVIEWS = YES;
				GENERATE_INFOPLIST_FILE = YES;
				INFOPLIST_FILE = Reconnect/Info.plist;
				INFOPLIST_KEY_CFBundleDisplayName = Reconnect;
				INFOPLIST_KEY_LSApplicationCategoryType = "public.app-category.social-networking";
				INFOPLIST_KEY_UIApplicationSceneManifest_Generation = YES;
				INFOPLIST_KEY_UIApplicationSupportsIndirectInputEvents = YES;
				INFOPLIST_KEY_UILaunchScreen_Generation = YES;
				INFOPLIST_KEY_UISupportedInterfaceOrientations_iPad = "UIInterfaceOrientationPortrait UIInterfaceOrientationPortraitUpsideDown UIInterfaceOrientationLandscapeLeft UIInterfaceOrientationLandscapeRight";
				INFOPLIST_KEY_UISupportedInterfaceOrientations_iPhone = "UIInterfaceOrientationPortrait UIInterfaceOrientationLandscapeLeft UIInterfaceOrientationLandscapeRight";
				LD_RUNPATH_SEARCH_PATHS = (
					"$(inherited)",
					"@executable_path/Frameworks",
				);
				MARKETING_VERSION = 1.0;
				PRODUCT_BUNDLE_IDENTIFIER = com.wagwan.Reconnect;
				PRODUCT_NAME = "$(TARGET_NAME)";
				SWIFT_EMIT_LOC_STRINGS = YES;
				SWIFT_VERSION = 5.0;
				TARGETED_DEVICE_FAMILY = "1,2";
			};
			name = Debug;
		};
		A10000000000000000000504 /* Release */ = {
			isa = XCBuildConfiguration;
			buildSettings = {
				ASSETCATALOG_COMPILER_APPICON_NAME = AppIcon;
				ASSETCATALOG_COMPILER_GLOBAL_ACCENT_COLOR_NAME = AccentColor;
				CODE_SIGN_ENTITLEMENTS = Reconnect/Reconnect.entitlements;
				CODE_SIGN_STYLE = Automatic;
				CURRENT_PROJECT_VERSION = 1;
				DEVELOPMENT_TEAM = "";
				ENABLE_PREVIEWS = YES;
				GENERATE_INFOPLIST_FILE = YES;
				INFOPLIST_FILE = Reconnect/Info.plist;
				INFOPLIST_KEY_CFBundleDisplayName = Reconnect;
				INFOPLIST_KEY_LSApplicationCategoryType = "public.app-category.social-networking";
				INFOPLIST_KEY_UIApplicationSceneManifest_Generation = YES;
				INFOPLIST_KEY_UIApplicationSupportsIndirectInputEvents = YES;
				INFOPLIST_KEY_UILaunchScreen_Generation = YES;
				INFOPLIST_KEY_UISupportedInterfaceOrientations_iPad = "UIInterfaceOrientationPortrait UIInterfaceOrientationPortraitUpsideDown UIInterfaceOrientationLandscapeLeft UIInterfaceOrientationLandscapeRight";
				INFOPLIST_KEY_UISupportedInterfaceOrientations_iPhone = "UIInterfaceOrientationPortrait UIInterfaceOrientationLandscapeLeft UIInterfaceOrientationLandscapeRight";
				LD_RUNPATH_SEARCH_PATHS = (
					"$(inherited)",
					"@executable_path/Frameworks",
				);
				MARKETING_VERSION = 1.0;
				PRODUCT_BUNDLE_IDENTIFIER = com.wagwan.Reconnect;
				PRODUCT_NAME = "$(TARGET_NAME)";
				SWIFT_EMIT_LOC_STRINGS = YES;
				SWIFT_VERSION = 5.0;
				TARGETED_DEVICE_FAMILY = "1,2";
			};
			name = Release;
		};
/* End XCBuildConfiguration section */

/* Begin XCConfigurationList section */
		A10000000000000000000401 /* Build configuration list for PBXProject "Reconnect" */ = {
			isa = XCConfigurationList;
			buildConfigurations = (
				A10000000000000000000501 /* Debug */,
				A10000000000000000000502 /* Release */,
			);
			defaultConfigurationIsVisible = 0;
			defaultConfigurationName = Release;
		};
		A10000000000000000000500 /* Build configuration list for PBXNativeTarget "Reconnect" */ = {
			isa = XCConfigurationList;
			buildConfigurations = (
				A10000000000000000000503 /* Debug */,
				A10000000000000000000504 /* Release */,
			);
			defaultConfigurationIsVisible = 0;
			defaultConfigurationName = Release;
		};
/* End XCConfigurationList section */
	};
	rootObject = A10000000000000000000400 /* Project object */;
}
